# THIS IS AN AUTOGENERATED FILE. DO NOT EDIT THIS FILE DIRECTLY.
# yarn lockfile v1


"@expo/vector-icons@^12.0.5":
  "integrity" "sha512-zWvHBmkpbi1KrPma6Y+r/bsGI6MjbM1MBSe6W9A4uYMLhNI5NR4JtTnqxhf7g1XdpaDtBdv5aOWKEx4d5rxnhg=="
  "resolved" "https://registry.npmjs.org/@expo/vector-icons/-/vector-icons-12.0.5.tgz"
  "version" "12.0.5"
  dependencies:
    "lodash.frompairs" "^4.0.1"
    "lodash.isequal" "^4.5.0"
    "lodash.isstring" "^4.0.1"
    "lodash.omit" "^4.5.0"
    "lodash.pick" "^4.4.0"
    "lodash.template" "^4.5.0"

"lodash._reinterpolate@^3.0.0":
  "integrity" "sha1-DM8tiRZq8Ds2Y8eWU4t1rG4RTZ0="
  "resolved" "https://registry.npmjs.org/lodash._reinterpolate/-/lodash._reinterpolate-3.0.0.tgz"
  "version" "3.0.0"

"lodash.frompairs@^4.0.1":
  "integrity" "sha1-vE5SB/onV8E25XNhTpZkUGsrG9I="
  "resolved" "https://registry.npmjs.org/lodash.frompairs/-/lodash.frompairs-4.0.1.tgz"
  "version" "4.0.1"

"lodash.isequal@^4.5.0":
  "integrity" "sha1-QVxEePK8wwEgwizhDtMib30+GOA="
  "resolved" "https://registry.npmjs.org/lodash.isequal/-/lodash.isequal-4.5.0.tgz"
  "version" "4.5.0"

"lodash.isstring@^4.0.1":
  "integrity" "sha1-1SfftUVuynzJu5XV2ur4i6VKVFE="
  "resolved" "https://registry.npmjs.org/lodash.isstring/-/lodash.isstring-4.0.1.tgz"
  "version" "4.0.1"

"lodash.omit@^4.5.0":
  "integrity" "sha1-brGa5aHuHdnfC5aeZs4Lf6MLXmA="
  "resolved" "https://registry.npmjs.org/lodash.omit/-/lodash.omit-4.5.0.tgz"
  "version" "4.5.0"

"lodash.pick@^4.4.0":
  "integrity" "sha1-UvBWEP/53tQiYRRB7R/BI6AwAbM="
  "resolved" "https://registry.npmjs.org/lodash.pick/-/lodash.pick-4.4.0.tgz"
  "version" "4.4.0"

"lodash.template@^4.5.0":
  "integrity" "sha512-84vYFxIkmidUiFxidA/KjjH9pAycqW+h980j7Fuz5qxRtO9pgB7MDFTdys1N7A5mcucRiDyEq4fusljItR1T/A=="
  "resolved" "https://registry.npmjs.org/lodash.template/-/lodash.template-4.5.0.tgz"
  "version" "4.5.0"
  dependencies:
    "lodash._reinterpolate" "^3.0.0"
    "lodash.templatesettings" "^4.0.0"

"lodash.templatesettings@^4.0.0":
  "integrity" "sha512-stgLz+i3Aa9mZgnjr/O+v9ruKZsPsndy7qPZOchbqk2cnTU1ZaldKK+v7m54WoKIyxiuMZTKT2H81F8BeAc3ZQ=="
  "resolved" "https://registry.npmjs.org/lodash.templatesettings/-/lodash.templatesettings-4.2.0.tgz"
  "version" "4.2.0"
  dependencies:
    "lodash._reinterpolate" "^3.0.0"
